
Microsoft Visual Studio Solution File, Format Version 12.00
# Visual Studio Version 16
VisualStudioVersion = 16.0.30907.101
MinimumVisualStudioVersion = 10.0.40219.1
Project("{FAE04EC0-301F-11D3-BF4B-00C04F79EFBC}") = "Yard Greening", "Yard Greening\Yard Greening.csproj", "{5BE5A692-8EA1-413B-8679-E4641DD41DDA}"
EndProject
Global
	GlobalSection(SolutionConfigurationPlatforms) = preSolution
		Debug|Any CPU = Debug|Any CPU
		Release|Any CPU = Release|Any CPU
	EndGlobalSection
	GlobalSection(ProjectConfigurationPlatforms) = postSolution
		{5BE5A692-8EA1-413B-8679-E4641DD41DDA}.Debug|Any CPU.ActiveCfg = Debug|Any CPU
		{5BE5A692-8EA1-413B-8679-E4641DD41DDA}.Debug|Any CPU.Build.0 = Debug|Any CPU
		{5BE5A692-8EA1-413B-8679-E4641DD41DDA}.Release|Any CPU.ActiveCfg = Release|Any CPU
		{5BE5A692-8EA1-413B-8679-E4641DD41DDA}.Release|Any CPU.Build.0 = Release|Any CPU
	EndGlobalSection
	GlobalSection(SolutionProperties) = preSolution
		HideSolutionNode = FALSE
	EndGlobalSection
	GlobalSection(ExtensibilityGlobals) = postSolution
		SolutionGuid = {62E646BF-253D-4ACC-A06E-40FF92FF138C}
	EndGlobalSection
EndGlobal
