
Microsoft Visual Studio Solution File, Format Version 12.00
# Visual Studio Version 16
VisualStudioVersion = 16.0.31515.178
MinimumVisualStudioVersion = 10.0.40219.1
Project("{FAE04EC0-301F-11D3-BF4B-00C04F79EFBC}") = "Calculator2", "Calculator2\Calculator2.csproj", "{37F25821-BC92-4C9A-9872-9DF5110F7034}"
EndProject
Global
	GlobalSection(SolutionConfigurationPlatforms) = preSolution
		Debug|Any CPU = Debug|Any CPU
		Release|Any CPU = Release|Any CPU
	EndGlobalSection
	GlobalSection(ProjectConfigurationPlatforms) = postSolution
		{37F25821-BC92-4C9A-9872-9DF5110F7034}.Debug|Any CPU.ActiveCfg = Debug|Any CPU
		{37F25821-BC92-4C9A-9872-9DF5110F7034}.Debug|Any CPU.Build.0 = Debug|Any CPU
		{37F25821-BC92-4C9A-9872-9DF5110F7034}.Release|Any CPU.ActiveCfg = Release|Any CPU
		{37F25821-BC92-4C9A-9872-9DF5110F7034}.Release|Any CPU.Build.0 = Release|Any CPU
	EndGlobalSection
	GlobalSection(SolutionProperties) = preSolution
		HideSolutionNode = FALSE
	EndGlobalSection
	GlobalSection(ExtensibilityGlobals) = postSolution
		SolutionGuid = {E64FA41B-DD83-43F3-B6C1-DB5587281879}
	EndGlobalSection
EndGlobal
