
Microsoft Visual Studio Solution File, Format Version 12.00
# Visual Studio Version 16
VisualStudioVersion = 16.0.30907.101
MinimumVisualStudioVersion = 10.0.40219.1
Project("{FAE04EC0-301F-11D3-BF4B-00C04F79EFBC}") = "Rectangle Area", "Rectangle Area\Rectangle Area.csproj", "{0DCB889D-114E-4345-B362-FC51C7255074}"
EndProject
Global
	GlobalSection(SolutionConfigurationPlatforms) = preSolution
		Debug|Any CPU = Debug|Any CPU
		Release|Any CPU = Release|Any CPU
	EndGlobalSection
	GlobalSection(ProjectConfigurationPlatforms) = postSolution
		{0DCB889D-114E-4345-B362-FC51C7255074}.Debug|Any CPU.ActiveCfg = Debug|Any CPU
		{0DCB889D-114E-4345-B362-FC51C7255074}.Debug|Any CPU.Build.0 = Debug|Any CPU
		{0DCB889D-114E-4345-B362-FC51C7255074}.Release|Any CPU.ActiveCfg = Release|Any CPU
		{0DCB889D-114E-4345-B362-FC51C7255074}.Release|Any CPU.Build.0 = Release|Any CPU
	EndGlobalSection
	GlobalSection(SolutionProperties) = preSolution
		HideSolutionNode = FALSE
	EndGlobalSection
	GlobalSection(ExtensibilityGlobals) = postSolution
		SolutionGuid = {BEAD5561-07BC-4BF7-ADAE-6ACF3B1D741D}
	EndGlobalSection
EndGlobal
