
Microsoft Visual Studio Solution File, Format Version 12.00
# Visual Studio Version 16
VisualStudioVersion = 16.0.30907.101
MinimumVisualStudioVersion = 10.0.40219.1
Project("{FAE04EC0-301F-11D3-BF4B-00C04F79EFBC}") = "Greeting", "Greeting\Greeting.csproj", "{89DA63AA-080E-439C-9427-3F64D7AE4AEB}"
EndProject
Project("{FAE04EC0-301F-11D3-BF4B-00C04F79EFBC}") = "Concatenate Data", "Concatenate Data\Concatenate Data.csproj", "{08555C5E-B277-4FEB-9B75-9F5C24E30BC2}"
EndProject
Global
	GlobalSection(SolutionConfigurationPlatforms) = preSolution
		Debug|Any CPU = Debug|Any CPU
		Release|Any CPU = Release|Any CPU
	EndGlobalSection
	GlobalSection(ProjectConfigurationPlatforms) = postSolution
		{89DA63AA-080E-439C-9427-3F64D7AE4AEB}.Debug|Any CPU.ActiveCfg = Debug|Any CPU
		{89DA63AA-080E-439C-9427-3F64D7AE4AEB}.Debug|Any CPU.Build.0 = Debug|Any CPU
		{89DA63AA-080E-439C-9427-3F64D7AE4AEB}.Release|Any CPU.ActiveCfg = Release|Any CPU
		{89DA63AA-080E-439C-9427-3F64D7AE4AEB}.Release|Any CPU.Build.0 = Release|Any CPU
		{08555C5E-B277-4FEB-9B75-9F5C24E30BC2}.Debug|Any CPU.ActiveCfg = Debug|Any CPU
		{08555C5E-B277-4FEB-9B75-9F5C24E30BC2}.Debug|Any CPU.Build.0 = Debug|Any CPU
		{08555C5E-B277-4FEB-9B75-9F5C24E30BC2}.Release|Any CPU.ActiveCfg = Release|Any CPU
		{08555C5E-B277-4FEB-9B75-9F5C24E30BC2}.Release|Any CPU.Build.0 = Release|Any CPU
	EndGlobalSection
	GlobalSection(SolutionProperties) = preSolution
		HideSolutionNode = FALSE
	EndGlobalSection
	GlobalSection(ExtensibilityGlobals) = postSolution
		SolutionGuid = {98F62B05-1246-4824-905B-8B63B5C7A830}
	EndGlobalSection
EndGlobal
